
Microsoft Visual Studio Solution File, Format Version 12.00
# Visual Studio Version 16
VisualStudioVersion = 16.0.30011.22
MinimumVisualStudioVersion = 10.0.40219.1
Project("{FAE04EC0-301F-11D3-BF4B-00C04F79EFBC}") = "MVC", "ContactManagement\MVC.csproj", "{E56CA32A-61D2-419E-A057-C8DEFC045AE4}"
EndProject
Project("{FAE04EC0-301F-11D3-BF4B-00C04F79EFBC}") = "WebAPI", "WebAPI\WebAPI.csproj", "{841E0AF8-7C45-47A2-B038-9C10839A5743}"
EndProject
Global
	GlobalSection(SolutionConfigurationPlatforms) = preSolution
		Debug|Any CPU = Debug|Any CPU
		Release|Any CPU = Release|Any CPU
	EndGlobalSection
	GlobalSection(ProjectConfigurationPlatforms) = postSolution
		{E56CA32A-61D2-419E-A057-C8DEFC045AE4}.Debug|Any CPU.ActiveCfg = Debug|Any CPU
		{E56CA32A-61D2-419E-A057-C8DEFC045AE4}.Debug|Any CPU.Build.0 = Debug|Any CPU
		{E56CA32A-61D2-419E-A057-C8DEFC045AE4}.Release|Any CPU.ActiveCfg = Release|Any CPU
		{E56CA32A-61D2-419E-A057-C8DEFC045AE4}.Release|Any CPU.Build.0 = Release|Any CPU
		{841E0AF8-7C45-47A2-B038-9C10839A5743}.Debug|Any CPU.ActiveCfg = Debug|Any CPU
		{841E0AF8-7C45-47A2-B038-9C10839A5743}.Debug|Any CPU.Build.0 = Debug|Any CPU
		{841E0AF8-7C45-47A2-B038-9C10839A5743}.Release|Any CPU.ActiveCfg = Release|Any CPU
		{841E0AF8-7C45-47A2-B038-9C10839A5743}.Release|Any CPU.Build.0 = Release|Any CPU
	EndGlobalSection
	GlobalSection(SolutionProperties) = preSolution
		HideSolutionNode = FALSE
	EndGlobalSection
	GlobalSection(ExtensibilityGlobals) = postSolution
		SolutionGuid = {529BB118-F66A-46BF-AE2D-02A79760FDE6}
	EndGlobalSection
EndGlobal
